
Microsoft Visual Studio Solution File, Format Version 12.00
# Visual Studio 2013
VisualStudioVersion = 12.0.30501.0
MinimumVisualStudioVersion = 10.0.40219.1
Project("{8BC9CEB8-8B4A-11D0-8D11-00A0C91BC942}") = "lg", "lg\lg.vcxproj", "{64CF8870-2AAF-46F2-BACA-CACCA2F4967D}"
EndProject
Global
	GlobalSection(SolutionConfigurationPlatforms) = preSolution
		Debug|x64 = Debug|x64
		Debug|x86 = Debug|x86
		Release|x64 = Release|x64
		Release|x86 = Release|x86
	EndGlobalSection
	GlobalSection(ProjectConfigurationPlatforms) = postSolution
		{64CF8870-2AAF-46F2-BACA-CACCA2F4967D}.Debug|x64.ActiveCfg = Debug|Win32
		{64CF8870-2AAF-46F2-BACA-CACCA2F4967D}.Debug|x64.Build.0 = Debug|Win32
		{64CF8870-2AAF-46F2-BACA-CACCA2F4967D}.Debug|x86.ActiveCfg = Debug|Win32
		{64CF8870-2AAF-46F2-BACA-CACCA2F4967D}.Debug|x86.Build.0 = Debug|Win32
		{64CF8870-2AAF-46F2-BACA-CACCA2F4967D}.Release|x64.ActiveCfg = Release|Win32
		{64CF8870-2AAF-46F2-BACA-CACCA2F4967D}.Release|x86.ActiveCfg = Release|Win32
		{64CF8870-2AAF-46F2-BACA-CACCA2F4967D}.Release|x86.Build.0 = Release|Win32
	EndGlobalSection
	GlobalSection(SolutionProperties) = preSolution
		HideSolutionNode = FALSE
	EndGlobalSection
	GlobalSection(ExtensibilityGlobals) = postSolution
		SolutionGuid = {09318C50-40A1-42EB-9593-D5282D9DFC2B}
	EndGlobalSection
EndGlobal
